
Microsoft Visual Studio Solution File, Format Version 11.00
# Visual Studio 2010
Project("{FAE04EC0-301F-11D3-BF4B-00C04F79EFBC}") = "Pisi.MasterData.Contract", "server\Pisi.MasterData.Contract\Pisi.MasterData.Contract.csproj", "{562EAF99-9042-4A65-9384-D9D2237938C0}"
EndProject
Project("{2150E333-8FDC-42A3-9474-1A3956D46DE8}") = "Server", "Server", "{D82469F9-E129-4894-A3D8-9C6B770DBD0E}"
EndProject
Project("{FAE04EC0-301F-11D3-BF4B-00C04F79EFBC}") = "Pisi.MasterData", "server\Pisi.MasterData\Pisi.MasterData.csproj", "{521A9E68-2EA4-4B69-B82D-6E6FC8285773}"
EndProject
Project("{FAE04EC0-301F-11D3-BF4B-00C04F79EFBC}") = "Pisi.MasterData.UnitTest", "server\Pisi.MasterData.UnitTest\Pisi.MasterData.UnitTest.csproj", "{FFF79854-41E0-43C4-9B9C-086DEFA3D2E9}"
EndProject
Project("{FAE04EC0-301F-11D3-BF4B-00C04F79EFBC}") = "Pisi.MasterData.Services", "server\Pisi.MasterData.Services\Pisi.MasterData.Services.csproj", "{869591AA-E897-4E75-BA22-71FE80D3AB64}"
EndProject
Project("{FAE04EC0-301F-11D3-BF4B-00C04F79EFBC}") = "ExposeToRelayConsole", "server\ExposeToRelayConsole\ExposeToRelayConsole.csproj", "{C32455CE-98F7-423A-A53A-1736B06A2448}"
EndProject
Project("{2150E333-8FDC-42A3-9474-1A3956D46DE8}") = "Web", "Web", "{F90385B4-85F4-48DE-93CF-DE8DB99C6B11}"
EndProject
Project("{FAE04EC0-301F-11D3-BF4B-00C04F79EFBC}") = "PisiWeb", "web\PisiWeb\PisiWeb.csproj", "{F9580B86-56FC-4DBD-8F0A-21276AFC44AB}"
EndProject
Global
	GlobalSection(SolutionConfigurationPlatforms) = preSolution
		Debug|Any CPU = Debug|Any CPU
		Debug|Mixed Platforms = Debug|Mixed Platforms
		Debug|x86 = Debug|x86
		Release|Any CPU = Release|Any CPU
		Release|Mixed Platforms = Release|Mixed Platforms
		Release|x86 = Release|x86
	EndGlobalSection
	GlobalSection(ProjectConfigurationPlatforms) = postSolution
		{562EAF99-9042-4A65-9384-D9D2237938C0}.Debug|Any CPU.ActiveCfg = Debug|Any CPU
		{562EAF99-9042-4A65-9384-D9D2237938C0}.Debug|Any CPU.Build.0 = Debug|Any CPU
		{562EAF99-9042-4A65-9384-D9D2237938C0}.Debug|Mixed Platforms.ActiveCfg = Debug|Any CPU
		{562EAF99-9042-4A65-9384-D9D2237938C0}.Debug|Mixed Platforms.Build.0 = Debug|Any CPU
		{562EAF99-9042-4A65-9384-D9D2237938C0}.Debug|x86.ActiveCfg = Debug|Any CPU
		{562EAF99-9042-4A65-9384-D9D2237938C0}.Release|Any CPU.ActiveCfg = Release|Any CPU
		{562EAF99-9042-4A65-9384-D9D2237938C0}.Release|Any CPU.Build.0 = Release|Any CPU
		{562EAF99-9042-4A65-9384-D9D2237938C0}.Release|Mixed Platforms.ActiveCfg = Release|Any CPU
		{562EAF99-9042-4A65-9384-D9D2237938C0}.Release|Mixed Platforms.Build.0 = Release|Any CPU
		{562EAF99-9042-4A65-9384-D9D2237938C0}.Release|x86.ActiveCfg = Release|Any CPU
		{521A9E68-2EA4-4B69-B82D-6E6FC8285773}.Debug|Any CPU.ActiveCfg = Debug|Any CPU
		{521A9E68-2EA4-4B69-B82D-6E6FC8285773}.Debug|Any CPU.Build.0 = Debug|Any CPU
		{521A9E68-2EA4-4B69-B82D-6E6FC8285773}.Debug|Mixed Platforms.ActiveCfg = Debug|Any CPU
		{521A9E68-2EA4-4B69-B82D-6E6FC8285773}.Debug|Mixed Platforms.Build.0 = Debug|Any CPU
		{521A9E68-2EA4-4B69-B82D-6E6FC8285773}.Debug|x86.ActiveCfg = Debug|Any CPU
		{521A9E68-2EA4-4B69-B82D-6E6FC8285773}.Release|Any CPU.ActiveCfg = Release|Any CPU
		{521A9E68-2EA4-4B69-B82D-6E6FC8285773}.Release|Any CPU.Build.0 = Release|Any CPU
		{521A9E68-2EA4-4B69-B82D-6E6FC8285773}.Release|Mixed Platforms.ActiveCfg = Release|Any CPU
		{521A9E68-2EA4-4B69-B82D-6E6FC8285773}.Release|Mixed Platforms.Build.0 = Release|Any CPU
		{521A9E68-2EA4-4B69-B82D-6E6FC8285773}.Release|x86.ActiveCfg = Release|Any CPU
		{FFF79854-41E0-43C4-9B9C-086DEFA3D2E9}.Debug|Any CPU.ActiveCfg = Debug|Any CPU
		{FFF79854-41E0-43C4-9B9C-086DEFA3D2E9}.Debug|Any CPU.Build.0 = Debug|Any CPU
		{FFF79854-41E0-43C4-9B9C-086DEFA3D2E9}.Debug|Mixed Platforms.ActiveCfg = Debug|Any CPU
		{FFF79854-41E0-43C4-9B9C-086DEFA3D2E9}.Debug|Mixed Platforms.Build.0 = Debug|Any CPU
		{FFF79854-41E0-43C4-9B9C-086DEFA3D2E9}.Debug|x86.ActiveCfg = Debug|Any CPU
		{FFF79854-41E0-43C4-9B9C-086DEFA3D2E9}.Release|Any CPU.ActiveCfg = Release|Any CPU
		{FFF79854-41E0-43C4-9B9C-086DEFA3D2E9}.Release|Any CPU.Build.0 = Release|Any CPU
		{FFF79854-41E0-43C4-9B9C-086DEFA3D2E9}.Release|Mixed Platforms.ActiveCfg = Release|Any CPU
		{FFF79854-41E0-43C4-9B9C-086DEFA3D2E9}.Release|Mixed Platforms.Build.0 = Release|Any CPU
		{FFF79854-41E0-43C4-9B9C-086DEFA3D2E9}.Release|x86.ActiveCfg = Release|Any CPU
		{869591AA-E897-4E75-BA22-71FE80D3AB64}.Debug|Any CPU.ActiveCfg = Debug|Any CPU
		{869591AA-E897-4E75-BA22-71FE80D3AB64}.Debug|Any CPU.Build.0 = Debug|Any CPU
		{869591AA-E897-4E75-BA22-71FE80D3AB64}.Debug|Mixed Platforms.ActiveCfg = Debug|Any CPU
		{869591AA-E897-4E75-BA22-71FE80D3AB64}.Debug|Mixed Platforms.Build.0 = Debug|Any CPU
		{869591AA-E897-4E75-BA22-71FE80D3AB64}.Debug|x86.ActiveCfg = Debug|Any CPU
		{869591AA-E897-4E75-BA22-71FE80D3AB64}.Release|Any CPU.ActiveCfg = Release|Any CPU
		{869591AA-E897-4E75-BA22-71FE80D3AB64}.Release|Any CPU.Build.0 = Release|Any CPU
		{869591AA-E897-4E75-BA22-71FE80D3AB64}.Release|Mixed Platforms.ActiveCfg = Release|Any CPU
		{869591AA-E897-4E75-BA22-71FE80D3AB64}.Release|Mixed Platforms.Build.0 = Release|Any CPU
		{869591AA-E897-4E75-BA22-71FE80D3AB64}.Release|x86.ActiveCfg = Release|Any CPU
		{C32455CE-98F7-423A-A53A-1736B06A2448}.Debug|Any CPU.ActiveCfg = Debug|x86
		{C32455CE-98F7-423A-A53A-1736B06A2448}.Debug|Mixed Platforms.ActiveCfg = Debug|x86
		{C32455CE-98F7-423A-A53A-1736B06A2448}.Debug|Mixed Platforms.Build.0 = Debug|x86
		{C32455CE-98F7-423A-A53A-1736B06A2448}.Debug|x86.ActiveCfg = Debug|x86
		{C32455CE-98F7-423A-A53A-1736B06A2448}.Debug|x86.Build.0 = Debug|x86
		{C32455CE-98F7-423A-A53A-1736B06A2448}.Release|Any CPU.ActiveCfg = Release|x86
		{C32455CE-98F7-423A-A53A-1736B06A2448}.Release|Mixed Platforms.ActiveCfg = Release|x86
		{C32455CE-98F7-423A-A53A-1736B06A2448}.Release|Mixed Platforms.Build.0 = Release|x86
		{C32455CE-98F7-423A-A53A-1736B06A2448}.Release|x86.ActiveCfg = Release|x86
		{C32455CE-98F7-423A-A53A-1736B06A2448}.Release|x86.Build.0 = Release|x86
		{F9580B86-56FC-4DBD-8F0A-21276AFC44AB}.Debug|Any CPU.ActiveCfg = Debug|Any CPU
		{F9580B86-56FC-4DBD-8F0A-21276AFC44AB}.Debug|Any CPU.Build.0 = Debug|Any CPU
		{F9580B86-56FC-4DBD-8F0A-21276AFC44AB}.Debug|Mixed Platforms.ActiveCfg = Debug|Any CPU
		{F9580B86-56FC-4DBD-8F0A-21276AFC44AB}.Debug|Mixed Platforms.Build.0 = Debug|Any CPU
		{F9580B86-56FC-4DBD-8F0A-21276AFC44AB}.Debug|x86.ActiveCfg = Debug|Any CPU
		{F9580B86-56FC-4DBD-8F0A-21276AFC44AB}.Release|Any CPU.ActiveCfg = Release|Any CPU
		{F9580B86-56FC-4DBD-8F0A-21276AFC44AB}.Release|Any CPU.Build.0 = Release|Any CPU
		{F9580B86-56FC-4DBD-8F0A-21276AFC44AB}.Release|Mixed Platforms.ActiveCfg = Release|Any CPU
		{F9580B86-56FC-4DBD-8F0A-21276AFC44AB}.Release|Mixed Platforms.Build.0 = Release|Any CPU
		{F9580B86-56FC-4DBD-8F0A-21276AFC44AB}.Release|x86.ActiveCfg = Release|Any CPU
	EndGlobalSection
	GlobalSection(SolutionProperties) = preSolution
		HideSolutionNode = FALSE
	EndGlobalSection
	GlobalSection(NestedProjects) = preSolution
		{562EAF99-9042-4A65-9384-D9D2237938C0} = {D82469F9-E129-4894-A3D8-9C6B770DBD0E}
		{521A9E68-2EA4-4B69-B82D-6E6FC8285773} = {D82469F9-E129-4894-A3D8-9C6B770DBD0E}
		{FFF79854-41E0-43C4-9B9C-086DEFA3D2E9} = {D82469F9-E129-4894-A3D8-9C6B770DBD0E}
		{869591AA-E897-4E75-BA22-71FE80D3AB64} = {D82469F9-E129-4894-A3D8-9C6B770DBD0E}
		{C32455CE-98F7-423A-A53A-1736B06A2448} = {D82469F9-E129-4894-A3D8-9C6B770DBD0E}
		{F9580B86-56FC-4DBD-8F0A-21276AFC44AB} = {F90385B4-85F4-48DE-93CF-DE8DB99C6B11}
	EndGlobalSection
EndGlobal
